
Microsoft Visual Studio Solution File, Format Version 12.00
# Visual Studio Version 17
VisualStudioVersion = 17.13.35931.197
MinimumVisualStudioVersion = 10.0.40219.1
Project("{8BC9CEB8-8B4A-11D0-8D11-00A0C91BC942}") = "1_OT", "1_OT\1_OT.vcxproj", "{A7593670-59B3-468C-8510-00C1D87A52BA}"
EndProject
Project("{8BC9CEB8-8B4A-11D0-8D11-00A0C91BC942}") = "2_자료형과 변수", "2_자료형과 변수\2_자료형과 변수.vcxproj", "{059DD213-D935-48E7-9BCA-B2F88D5DC2A2}"
EndProject
Project("{8BC9CEB8-8B4A-11D0-8D11-00A0C91BC942}") = "3_1 디버깅", "3_디버깅\3_디버깅.vcxproj", "{3D1A8147-5D98-473D-9E21-0BD844CDD143}"
EndProject
Project("{8BC9CEB8-8B4A-11D0-8D11-00A0C91BC942}") = "3_2 디버깅 과제 개인", "3_디버깅 과제 및 학습용\3_디버깅 과제 및 학습용.vcxproj", "{831BD08D-C4FD-4B40-8832-44B9C2644EEF}"
EndProject
Project("{8BC9CEB8-8B4A-11D0-8D11-00A0C91BC942}") = "3-2 디버깅 과제 GPT 교습용", "Test\Test.vcxproj", "{C213C822-7DFF-41D7-A285-251CD6A9E814}"
EndProject
Project("{8BC9CEB8-8B4A-11D0-8D11-00A0C91BC942}") = "4_전처리기와 링킹과정 이해하기", "4_전처리기와 링킹과정 이해하기\4_전처리기와 링킹과정 이해하기.vcxproj", "{4B2A71FE-C475-4C24-B6D7-977243B04B7A}"
EndProject
Project("{8BC9CEB8-8B4A-11D0-8D11-00A0C91BC942}") = "5_자료형의 사용방법", "5_기본 자료형\5_기본 자료형.vcxproj", "{A7A2C330-4E53-49DC-8BC9-F7874D8E5495}"
EndProject
Project("{8BC9CEB8-8B4A-11D0-8D11-00A0C91BC942}") = "6_1 코드의 흐름 제어", "6_코드의 흐름 제어 프로젝트\6_코드의 흐름 제어 프로젝트.vcxproj", "{F668D932-FF3D-4B24-B81F-D902E022245F}"
EndProject
Project("{8BC9CEB8-8B4A-11D0-8D11-00A0C91BC942}") = "6_2 코드의 흐름 제어 과제", "6_ 코드의 흐름 제어 과제\6_ 코드의 흐름 제어 과제.vcxproj", "{B38F01F3-6A14-4950-AD41-8868E5C948C2}"
EndProject
Project("{8BC9CEB8-8B4A-11D0-8D11-00A0C91BC942}") = "7_반복문", "7\7.vcxproj", "{035FC184-AB23-44F2-A944-D9A2926573D1}"
EndProject
Project("{8BC9CEB8-8B4A-11D0-8D11-00A0C91BC942}") = "7_자습", "7_자습\7_자습.vcxproj", "{3F9AC245-79F3-4813-872C-8088C0C95570}"
EndProject
Project("{8BC9CEB8-8B4A-11D0-8D11-00A0C91BC942}") = "8_펑크션(함수)만들기", "8_펑크션(함수)만들기\8_펑크션(함수)만들기.vcxproj", "{4AEF246A-2198-4B98-ADBF-DCEF25597D08}"
EndProject
Project("{8BC9CEB8-8B4A-11D0-8D11-00A0C91BC942}") = "9_1 코드의 범위", "9_코드의 범위\9_코드의 범위.vcxproj", "{D55A5D90-B6D2-43B9-B58C-D7444F4A90A8}"
EndProject
Project("{8BC9CEB8-8B4A-11D0-8D11-00A0C91BC942}") = "9_2 자습", "9_자습\9_자습.vcxproj", "{C4B99310-96CD-455B-9F82-02A86C2569CE}"
EndProject
Project("{8BC9CEB8-8B4A-11D0-8D11-00A0C91BC942}") = "a10_상수화 열거형 사용", "10_상수화 열거형 사용\10_상수화 열거형 사용.vcxproj", "{2526C480-EEF9-426D-A5C0-A5C992B71604}"
EndProject
Project("{8BC9CEB8-8B4A-11D0-8D11-00A0C91BC942}") = "a11_자료형과 배열에 대한 이해", "a11_자료형과 배열에 대한 이해\a11_자료형과 배열에 대한 이해.vcxproj", "{7CF90ECA-3F18-4832-AE05-C83DC8C11630}"
EndProject
Project("{8BC9CEB8-8B4A-11D0-8D11-00A0C91BC942}") = "a12_2차원 배열 게임에서 배열 활용", "a12_2차원 배열 게임에서 배열 활용\a12_2차원 배열 게임에서 배열 활용.vcxproj", "{97F2C7E6-8ED9-4296-B81B-A8265F0F1589}"
EndProject
Project("{8BC9CEB8-8B4A-11D0-8D11-00A0C91BC942}") = "a13_포인터의 이해", "a13_포인터의 이해\a13_포인터의 이해.vcxproj", "{45F92240-2515-4AAD-81CF-759C904AF0C5}"
EndProject
Project("{8BC9CEB8-8B4A-11D0-8D11-00A0C91BC942}") = "a14_상수 지시 포인터와 상수 포인터", "a14_상수 지시 포인터와 상수 포인터\a14_상수 지시 포인터와 상수 포인터.vcxproj", "{23A90DC6-028E-4DDD-BC0C-38FE8EFA87C6}"
EndProject
Global
	GlobalSection(SolutionConfigurationPlatforms) = preSolution
		Debug|x64 = Debug|x64
		Debug|x86 = Debug|x86
		Release|x64 = Release|x64
		Release|x86 = Release|x86
	EndGlobalSection
	GlobalSection(ProjectConfigurationPlatforms) = postSolution
		{A7593670-59B3-468C-8510-00C1D87A52BA}.Debug|x64.ActiveCfg = Debug|x64
		{A7593670-59B3-468C-8510-00C1D87A52BA}.Debug|x64.Build.0 = Debug|x64
		{A7593670-59B3-468C-8510-00C1D87A52BA}.Debug|x86.ActiveCfg = Debug|Win32
		{A7593670-59B3-468C-8510-00C1D87A52BA}.Debug|x86.Build.0 = Debug|Win32
		{A7593670-59B3-468C-8510-00C1D87A52BA}.Release|x64.ActiveCfg = Release|x64
		{A7593670-59B3-468C-8510-00C1D87A52BA}.Release|x64.Build.0 = Release|x64
		{A7593670-59B3-468C-8510-00C1D87A52BA}.Release|x86.ActiveCfg = Release|Win32
		{A7593670-59B3-468C-8510-00C1D87A52BA}.Release|x86.Build.0 = Release|Win32
		{059DD213-D935-48E7-9BCA-B2F88D5DC2A2}.Debug|x64.ActiveCfg = Debug|x64
		{059DD213-D935-48E7-9BCA-B2F88D5DC2A2}.Debug|x64.Build.0 = Debug|x64
		{059DD213-D935-48E7-9BCA-B2F88D5DC2A2}.Debug|x86.ActiveCfg = Debug|Win32
		{059DD213-D935-48E7-9BCA-B2F88D5DC2A2}.Debug|x86.Build.0 = Debug|Win32
		{059DD213-D935-48E7-9BCA-B2F88D5DC2A2}.Release|x64.ActiveCfg = Release|x64
		{059DD213-D935-48E7-9BCA-B2F88D5DC2A2}.Release|x64.Build.0 = Release|x64
		{059DD213-D935-48E7-9BCA-B2F88D5DC2A2}.Release|x86.ActiveCfg = Release|Win32
		{059DD213-D935-48E7-9BCA-B2F88D5DC2A2}.Release|x86.Build.0 = Release|Win32
		{3D1A8147-5D98-473D-9E21-0BD844CDD143}.Debug|x64.ActiveCfg = Debug|x64
		{3D1A8147-5D98-473D-9E21-0BD844CDD143}.Debug|x64.Build.0 = Debug|x64
		{3D1A8147-5D98-473D-9E21-0BD844CDD143}.Debug|x86.ActiveCfg = Debug|Win32
		{3D1A8147-5D98-473D-9E21-0BD844CDD143}.Debug|x86.Build.0 = Debug|Win32
		{3D1A8147-5D98-473D-9E21-0BD844CDD143}.Release|x64.ActiveCfg = Release|x64
		{3D1A8147-5D98-473D-9E21-0BD844CDD143}.Release|x64.Build.0 = Release|x64
		{3D1A8147-5D98-473D-9E21-0BD844CDD143}.Release|x86.ActiveCfg = Release|Win32
		{3D1A8147-5D98-473D-9E21-0BD844CDD143}.Release|x86.Build.0 = Release|Win32
		{831BD08D-C4FD-4B40-8832-44B9C2644EEF}.Debug|x64.ActiveCfg = Debug|x64
		{831BD08D-C4FD-4B40-8832-44B9C2644EEF}.Debug|x64.Build.0 = Debug|x64
		{831BD08D-C4FD-4B40-8832-44B9C2644EEF}.Debug|x86.ActiveCfg = Debug|Win32
		{831BD08D-C4FD-4B40-8832-44B9C2644EEF}.Debug|x86.Build.0 = Debug|Win32
		{831BD08D-C4FD-4B40-8832-44B9C2644EEF}.Release|x64.ActiveCfg = Release|x64
		{831BD08D-C4FD-4B40-8832-44B9C2644EEF}.Release|x64.Build.0 = Release|x64
		{831BD08D-C4FD-4B40-8832-44B9C2644EEF}.Release|x86.ActiveCfg = Release|Win32
		{831BD08D-C4FD-4B40-8832-44B9C2644EEF}.Release|x86.Build.0 = Release|Win32
		{C213C822-7DFF-41D7-A285-251CD6A9E814}.Debug|x64.ActiveCfg = Debug|x64
		{C213C822-7DFF-41D7-A285-251CD6A9E814}.Debug|x64.Build.0 = Debug|x64
		{C213C822-7DFF-41D7-A285-251CD6A9E814}.Debug|x86.ActiveCfg = Debug|Win32
		{C213C822-7DFF-41D7-A285-251CD6A9E814}.Debug|x86.Build.0 = Debug|Win32
		{C213C822-7DFF-41D7-A285-251CD6A9E814}.Release|x64.ActiveCfg = Release|x64
		{C213C822-7DFF-41D7-A285-251CD6A9E814}.Release|x64.Build.0 = Release|x64
		{C213C822-7DFF-41D7-A285-251CD6A9E814}.Release|x86.ActiveCfg = Release|Win32
		{C213C822-7DFF-41D7-A285-251CD6A9E814}.Release|x86.Build.0 = Release|Win32
		{4B2A71FE-C475-4C24-B6D7-977243B04B7A}.Debug|x64.ActiveCfg = Debug|x64
		{4B2A71FE-C475-4C24-B6D7-977243B04B7A}.Debug|x64.Build.0 = Debug|x64
		{4B2A71FE-C475-4C24-B6D7-977243B04B7A}.Debug|x86.ActiveCfg = Debug|Win32
		{4B2A71FE-C475-4C24-B6D7-977243B04B7A}.Debug|x86.Build.0 = Debug|Win32
		{4B2A71FE-C475-4C24-B6D7-977243B04B7A}.Release|x64.ActiveCfg = Release|x64
		{4B2A71FE-C475-4C24-B6D7-977243B04B7A}.Release|x64.Build.0 = Release|x64
		{4B2A71FE-C475-4C24-B6D7-977243B04B7A}.Release|x86.ActiveCfg = Release|Win32
		{4B2A71FE-C475-4C24-B6D7-977243B04B7A}.Release|x86.Build.0 = Release|Win32
		{A7A2C330-4E53-49DC-8BC9-F7874D8E5495}.Debug|x64.ActiveCfg = Debug|x64
		{A7A2C330-4E53-49DC-8BC9-F7874D8E5495}.Debug|x64.Build.0 = Debug|x64
		{A7A2C330-4E53-49DC-8BC9-F7874D8E5495}.Debug|x86.ActiveCfg = Debug|Win32
		{A7A2C330-4E53-49DC-8BC9-F7874D8E5495}.Debug|x86.Build.0 = Debug|Win32
		{A7A2C330-4E53-49DC-8BC9-F7874D8E5495}.Release|x64.ActiveCfg = Release|x64
		{A7A2C330-4E53-49DC-8BC9-F7874D8E5495}.Release|x64.Build.0 = Release|x64
		{A7A2C330-4E53-49DC-8BC9-F7874D8E5495}.Release|x86.ActiveCfg = Release|Win32
		{A7A2C330-4E53-49DC-8BC9-F7874D8E5495}.Release|x86.Build.0 = Release|Win32
		{F668D932-FF3D-4B24-B81F-D902E022245F}.Debug|x64.ActiveCfg = Debug|x64
		{F668D932-FF3D-4B24-B81F-D902E022245F}.Debug|x64.Build.0 = Debug|x64
		{F668D932-FF3D-4B24-B81F-D902E022245F}.Debug|x86.ActiveCfg = Debug|Win32
		{F668D932-FF3D-4B24-B81F-D902E022245F}.Debug|x86.Build.0 = Debug|Win32
		{F668D932-FF3D-4B24-B81F-D902E022245F}.Release|x64.ActiveCfg = Release|x64
		{F668D932-FF3D-4B24-B81F-D902E022245F}.Release|x64.Build.0 = Release|x64
		{F668D932-FF3D-4B24-B81F-D902E022245F}.Release|x86.ActiveCfg = Release|Win32
		{F668D932-FF3D-4B24-B81F-D902E022245F}.Release|x86.Build.0 = Release|Win32
		{B38F01F3-6A14-4950-AD41-8868E5C948C2}.Debug|x64.ActiveCfg = Debug|x64
		{B38F01F3-6A14-4950-AD41-8868E5C948C2}.Debug|x64.Build.0 = Debug|x64
		{B38F01F3-6A14-4950-AD41-8868E5C948C2}.Debug|x86.ActiveCfg = Debug|Win32
		{B38F01F3-6A14-4950-AD41-8868E5C948C2}.Debug|x86.Build.0 = Debug|Win32
		{B38F01F3-6A14-4950-AD41-8868E5C948C2}.Release|x64.ActiveCfg = Release|x64
		{B38F01F3-6A14-4950-AD41-8868E5C948C2}.Release|x64.Build.0 = Release|x64
		{B38F01F3-6A14-4950-AD41-8868E5C948C2}.Release|x86.ActiveCfg = Release|Win32
		{B38F01F3-6A14-4950-AD41-8868E5C948C2}.Release|x86.Build.0 = Release|Win32
		{035FC184-AB23-44F2-A944-D9A2926573D1}.Debug|x64.ActiveCfg = Debug|x64
		{035FC184-AB23-44F2-A944-D9A2926573D1}.Debug|x64.Build.0 = Debug|x64
		{035FC184-AB23-44F2-A944-D9A2926573D1}.Debug|x86.ActiveCfg = Debug|Win32
		{035FC184-AB23-44F2-A944-D9A2926573D1}.Debug|x86.Build.0 = Debug|Win32
		{035FC184-AB23-44F2-A944-D9A2926573D1}.Release|x64.ActiveCfg = Release|x64
		{035FC184-AB23-44F2-A944-D9A2926573D1}.Release|x64.Build.0 = Release|x64
		{035FC184-AB23-44F2-A944-D9A2926573D1}.Release|x86.ActiveCfg = Release|Win32
		{035FC184-AB23-44F2-A944-D9A2926573D1}.Release|x86.Build.0 = Release|Win32
		{3F9AC245-79F3-4813-872C-8088C0C95570}.Debug|x64.ActiveCfg = Debug|x64
		{3F9AC245-79F3-4813-872C-8088C0C95570}.Debug|x64.Build.0 = Debug|x64
		{3F9AC245-79F3-4813-872C-8088C0C95570}.Debug|x86.ActiveCfg = Debug|Win32
		{3F9AC245-79F3-4813-872C-8088C0C95570}.Debug|x86.Build.0 = Debug|Win32
		{3F9AC245-79F3-4813-872C-8088C0C95570}.Release|x64.ActiveCfg = Release|x64
		{3F9AC245-79F3-4813-872C-8088C0C95570}.Release|x64.Build.0 = Release|x64
		{3F9AC245-79F3-4813-872C-8088C0C95570}.Release|x86.ActiveCfg = Release|Win32
		{3F9AC245-79F3-4813-872C-8088C0C95570}.Release|x86.Build.0 = Release|Win32
		{4AEF246A-2198-4B98-ADBF-DCEF25597D08}.Debug|x64.ActiveCfg = Debug|x64
		{4AEF246A-2198-4B98-ADBF-DCEF25597D08}.Debug|x64.Build.0 = Debug|x64
		{4AEF246A-2198-4B98-ADBF-DCEF25597D08}.Debug|x86.ActiveCfg = Debug|Win32
		{4AEF246A-2198-4B98-ADBF-DCEF25597D08}.Debug|x86.Build.0 = Debug|Win32
		{4AEF246A-2198-4B98-ADBF-DCEF25597D08}.Release|x64.ActiveCfg = Release|x64
		{4AEF246A-2198-4B98-ADBF-DCEF25597D08}.Release|x64.Build.0 = Release|x64
		{4AEF246A-2198-4B98-ADBF-DCEF25597D08}.Release|x86.ActiveCfg = Release|Win32
		{4AEF246A-2198-4B98-ADBF-DCEF25597D08}.Release|x86.Build.0 = Release|Win32
		{D55A5D90-B6D2-43B9-B58C-D7444F4A90A8}.Debug|x64.ActiveCfg = Debug|x64
		{D55A5D90-B6D2-43B9-B58C-D7444F4A90A8}.Debug|x64.Build.0 = Debug|x64
		{D55A5D90-B6D2-43B9-B58C-D7444F4A90A8}.Debug|x86.ActiveCfg = Debug|Win32
		{D55A5D90-B6D2-43B9-B58C-D7444F4A90A8}.Debug|x86.Build.0 = Debug|Win32
		{D55A5D90-B6D2-43B9-B58C-D7444F4A90A8}.Release|x64.ActiveCfg = Release|x64
		{D55A5D90-B6D2-43B9-B58C-D7444F4A90A8}.Release|x64.Build.0 = Release|x64
		{D55A5D90-B6D2-43B9-B58C-D7444F4A90A8}.Release|x86.ActiveCfg = Release|Win32
		{D55A5D90-B6D2-43B9-B58C-D7444F4A90A8}.Release|x86.Build.0 = Release|Win32
		{C4B99310-96CD-455B-9F82-02A86C2569CE}.Debug|x64.ActiveCfg = Debug|x64
		{C4B99310-96CD-455B-9F82-02A86C2569CE}.Debug|x64.Build.0 = Debug|x64
		{C4B99310-96CD-455B-9F82-02A86C2569CE}.Debug|x86.ActiveCfg = Debug|Win32
		{C4B99310-96CD-455B-9F82-02A86C2569CE}.Debug|x86.Build.0 = Debug|Win32
		{C4B99310-96CD-455B-9F82-02A86C2569CE}.Release|x64.ActiveCfg = Release|x64
		{C4B99310-96CD-455B-9F82-02A86C2569CE}.Release|x64.Build.0 = Release|x64
		{C4B99310-96CD-455B-9F82-02A86C2569CE}.Release|x86.ActiveCfg = Release|Win32
		{C4B99310-96CD-455B-9F82-02A86C2569CE}.Release|x86.Build.0 = Release|Win32
		{2526C480-EEF9-426D-A5C0-A5C992B71604}.Debug|x64.ActiveCfg = Debug|x64
		{2526C480-EEF9-426D-A5C0-A5C992B71604}.Debug|x64.Build.0 = Debug|x64
		{2526C480-EEF9-426D-A5C0-A5C992B71604}.Debug|x86.ActiveCfg = Debug|Win32
		{2526C480-EEF9-426D-A5C0-A5C992B71604}.Debug|x86.Build.0 = Debug|Win32
		{2526C480-EEF9-426D-A5C0-A5C992B71604}.Release|x64.ActiveCfg = Release|x64
		{2526C480-EEF9-426D-A5C0-A5C992B71604}.Release|x64.Build.0 = Release|x64
		{2526C480-EEF9-426D-A5C0-A5C992B71604}.Release|x86.ActiveCfg = Release|Win32
		{2526C480-EEF9-426D-A5C0-A5C992B71604}.Release|x86.Build.0 = Release|Win32
		{7CF90ECA-3F18-4832-AE05-C83DC8C11630}.Debug|x64.ActiveCfg = Debug|x64
		{7CF90ECA-3F18-4832-AE05-C83DC8C11630}.Debug|x64.Build.0 = Debug|x64
		{7CF90ECA-3F18-4832-AE05-C83DC8C11630}.Debug|x86.ActiveCfg = Debug|Win32
		{7CF90ECA-3F18-4832-AE05-C83DC8C11630}.Debug|x86.Build.0 = Debug|Win32
		{7CF90ECA-3F18-4832-AE05-C83DC8C11630}.Release|x64.ActiveCfg = Release|x64
		{7CF90ECA-3F18-4832-AE05-C83DC8C11630}.Release|x64.Build.0 = Release|x64
		{7CF90ECA-3F18-4832-AE05-C83DC8C11630}.Release|x86.ActiveCfg = Release|Win32
		{7CF90ECA-3F18-4832-AE05-C83DC8C11630}.Release|x86.Build.0 = Release|Win32
		{97F2C7E6-8ED9-4296-B81B-A8265F0F1589}.Debug|x64.ActiveCfg = Debug|x64
		{97F2C7E6-8ED9-4296-B81B-A8265F0F1589}.Debug|x64.Build.0 = Debug|x64
		{97F2C7E6-8ED9-4296-B81B-A8265F0F1589}.Debug|x86.ActiveCfg = Debug|Win32
		{97F2C7E6-8ED9-4296-B81B-A8265F0F1589}.Debug|x86.Build.0 = Debug|Win32
		{97F2C7E6-8ED9-4296-B81B-A8265F0F1589}.Release|x64.ActiveCfg = Release|x64
		{97F2C7E6-8ED9-4296-B81B-A8265F0F1589}.Release|x64.Build.0 = Release|x64
		{97F2C7E6-8ED9-4296-B81B-A8265F0F1589}.Release|x86.ActiveCfg = Release|Win32
		{97F2C7E6-8ED9-4296-B81B-A8265F0F1589}.Release|x86.Build.0 = Release|Win32
		{45F92240-2515-4AAD-81CF-759C904AF0C5}.Debug|x64.ActiveCfg = Debug|x64
		{45F92240-2515-4AAD-81CF-759C904AF0C5}.Debug|x64.Build.0 = Debug|x64
		{45F92240-2515-4AAD-81CF-759C904AF0C5}.Debug|x86.ActiveCfg = Debug|Win32
		{45F92240-2515-4AAD-81CF-759C904AF0C5}.Debug|x86.Build.0 = Debug|Win32
		{45F92240-2515-4AAD-81CF-759C904AF0C5}.Release|x64.ActiveCfg = Release|x64
		{45F92240-2515-4AAD-81CF-759C904AF0C5}.Release|x64.Build.0 = Release|x64
		{45F92240-2515-4AAD-81CF-759C904AF0C5}.Release|x86.ActiveCfg = Release|Win32
		{45F92240-2515-4AAD-81CF-759C904AF0C5}.Release|x86.Build.0 = Release|Win32
		{23A90DC6-028E-4DDD-BC0C-38FE8EFA87C6}.Debug|x64.ActiveCfg = Debug|x64
		{23A90DC6-028E-4DDD-BC0C-38FE8EFA87C6}.Debug|x64.Build.0 = Debug|x64
		{23A90DC6-028E-4DDD-BC0C-38FE8EFA87C6}.Debug|x86.ActiveCfg = Debug|Win32
		{23A90DC6-028E-4DDD-BC0C-38FE8EFA87C6}.Debug|x86.Build.0 = Debug|Win32
		{23A90DC6-028E-4DDD-BC0C-38FE8EFA87C6}.Release|x64.ActiveCfg = Release|x64
		{23A90DC6-028E-4DDD-BC0C-38FE8EFA87C6}.Release|x64.Build.0 = Release|x64
		{23A90DC6-028E-4DDD-BC0C-38FE8EFA87C6}.Release|x86.ActiveCfg = Release|Win32
		{23A90DC6-028E-4DDD-BC0C-38FE8EFA87C6}.Release|x86.Build.0 = Release|Win32
	EndGlobalSection
	GlobalSection(SolutionProperties) = preSolution
		HideSolutionNode = FALSE
	EndGlobalSection
	GlobalSection(ExtensibilityGlobals) = postSolution
		SolutionGuid = {3F01FE88-5766-4017-A91A-613A67E25F21}
	EndGlobalSection
EndGlobal
